{
  "nodes": {
    "cargo2nix": {
      "inputs": {
        "flake-compat": "flake-compat",
        "flake-utils": "flake-utils",
        "nixpkgs": "nixpkgs",
        "rust-overlay": "rust-overlay"
      },
      "locked": {
        "lastModified": 1705129117,
        "narHash": "sha256-LgdDHibvimzYhxBK3kxCk2gAL7k4Hyigl5KI0X9cijA=",
        "owner": "cargo2nix",
        "repo": "cargo2nix",
        "rev": "ae19a9e1f8f0880c088ea155ab66cee1fa001f59",
        "type": "github"
      },
      "original": {
        "owner": "cargo2nix",
        "ref": "release-0.11.0",
        "repo": "cargo2nix",
        "type": "github"
      }
    },
    "flake-compat": {
      "flake": false,
      "locked": {
        "lastModified": 1696426674,
        "narHash": "sha256-kvjfFW7WAETZlt09AgDn1MrtKzP7t90Vf7vypd3OL1U=",
        "owner": "edolstra",
        "repo": "flake-compat",
        "rev": "0f9255e01c2351cc7d116c072cb317785dd33b33",
        "type": "github"
      },
      "original": {
        "owner": "edolstra",
        "repo": "flake-compat",
        "type": "github"
      }
    },
    "flake-utils": {
      "inputs": {
        "systems": "systems"
      },
      "locked": {
        "lastModified": 1694529238,
        "narHash": "sha256-zsNZZGTGnMOf9YpHKJqMSsa0dXbfmxeoJ7xHlrt+xmY=",
        "owner": "numtide",
        "repo": "flake-utils",
        "rev": "ff7b65b44d01cf9ba6a71320833626af21126384",
        "type": "github"
      },
      "original": {
        "owner": "numtide",
        "repo": "flake-utils",
        "type": "github"
      }
    },
    "journal": {
      "inputs": {
        "cargo2nix": "cargo2nix",
        "flake-utils": [
          "journal",
          "cargo2nix",
          "flake-utils"
        ],
        "nixpkgs": [
          "journal",
          "cargo2nix",
          "nixpkgs"
        ]
      },
      "locked": {
        "lastModified": 1720534792,
        "narHash": "sha256-XNaVe9h4Lpw/UOK3oWBenTgtkwgtTzt6MUUASNh1678=",
        "owner": "tehforsch",
        "repo": "journal",
        "rev": "dd3eed02e5f46ae9f9f6f8a97d5771308499b73a",
        "type": "github"
      },
      "original": {
        "owner": "tehforsch",
        "repo": "journal",
        "type": "github"
      }
    },
    "moody": {
      "inputs": {
        "nixpkgs": "nixpkgs_2",
        "pyproject-build-systems": "pyproject-build-systems",
        "pyproject-nix": "pyproject-nix",
        "uv2nix": "uv2nix"
      },
      "locked": {
        "lastModified": 1733135683,
        "narHash": "sha256-fikyezKzsQ9yE9PQk5nAVuyuotZ3ueRHHgNuNsTyGwg=",
        "ref": "refs/heads/main",
        "rev": "745572383634b11279d98a2b5db58af766e01632",
        "revCount": 5,
        "type": "git",
        "url": "ssh://git@github.com/tehforsch/moodyTelegramBot.git"
      },
      "original": {
        "type": "git",
        "url": "ssh://git@github.com/tehforsch/moodyTelegramBot.git"
      }
    },
    "musnix": {
      "inputs": {
        "nixpkgs": "nixpkgs_3"
      },
      "locked": {
        "lastModified": 1732661062,
        "narHash": "sha256-E8mk/P0wUpHXy7tDQqUzbpa9IJoN/DmA1a6iFBuXqgI=",
        "owner": "musnix",
        "repo": "musnix",
        "rev": "629dcc6010365cfd268702065c2f8149ae19ea02",
        "type": "github"
      },
      "original": {
        "owner": "musnix",
        "repo": "musnix",
        "type": "github"
      }
    },
    "nixpkgs": {
      "locked": {
        "lastModified": 1705099185,
        "narHash": "sha256-SxJenKtvcrKJd0TyJQMO3p6VA7PEp+vmMnmlKFzWMNs=",
        "owner": "nixos",
        "repo": "nixpkgs",
        "rev": "2bce5ccff0ad7abda23e8bb56434b6877a446694",
        "type": "github"
      },
      "original": {
        "owner": "nixos",
        "ref": "release-23.11",
        "repo": "nixpkgs",
        "type": "github"
      }
    },
    "nixpkgs_2": {
      "locked": {
        "lastModified": 1733015953,
        "narHash": "sha256-t4BBVpwG9B4hLgc6GUBuj3cjU7lP/PJfpTHuSqE+crk=",
        "owner": "NixOS",
        "repo": "nixpkgs",
        "rev": "ac35b104800bff9028425fec3b6e8a41de2bbfff",
        "type": "github"
      },
      "original": {
        "owner": "NixOS",
        "ref": "nixos-unstable",
        "repo": "nixpkgs",
        "type": "github"
      }
    },
    "nixpkgs_3": {
      "locked": {
        "lastModified": 1732014248,
        "narHash": "sha256-y/MEyuJ5oBWrWAic/14LaIr/u5E0wRVzyYsouYY3W6w=",
        "owner": "NixOS",
        "repo": "nixpkgs",
        "rev": "23e89b7da85c3640bbc2173fe04f4bd114342367",
        "type": "github"
      },
      "original": {
        "owner": "NixOS",
        "ref": "nixos-unstable",
        "repo": "nixpkgs",
        "type": "github"
      }
    },
    "nixpkgs_4": {
      "locked": {
        "lastModified": 1728492678,
        "narHash": "sha256-9UTxR8eukdg+XZeHgxW5hQA9fIKHsKCdOIUycTryeVw=",
        "owner": "NixOS",
        "repo": "nixpkgs",
        "rev": "5633bcff0c6162b9e4b5f1264264611e950c8ec7",
        "type": "github"
      },
      "original": {
        "owner": "NixOS",
        "ref": "nixos-unstable",
        "repo": "nixpkgs",
        "type": "github"
      }
    },
    "nixpkgs_5": {
      "locked": {
        "lastModified": 1733581040,
        "narHash": "sha256-Qn3nPMSopRQJgmvHzVqPcE3I03zJyl8cSbgnnltfFDY=",
        "owner": "NixOS",
        "repo": "nixpkgs",
        "rev": "22c3f2cf41a0e70184334a958e6b124fb0ce3e01",
        "type": "github"
      },
      "original": {
        "owner": "NixOS",
        "ref": "nixos-unstable",
        "repo": "nixpkgs",
        "type": "github"
      }
    },
    "personalbot": {
      "inputs": {
        "nixpkgs": "nixpkgs_5",
        "pyproject-build-systems": "pyproject-build-systems_2",
        "pyproject-nix": "pyproject-nix_2",
        "uv2nix": "uv2nix_2"
      },
      "locked": {
        "lastModified": 1733781901,
        "narHash": "sha256-IZF77c33QQbEz8GT/VE54sPP+Ras4wylQ0zYqTeibdo=",
        "ref": "refs/heads/main",
        "rev": "fac2c20d5c1ced4666637b096057c43d3a25772f",
        "revCount": 4,
        "type": "git",
        "url": "ssh://git@github.com/tehforsch/personalbot.git"
      },
      "original": {
        "type": "git",
        "url": "ssh://git@github.com/tehforsch/personalbot.git"
      }
    },
    "pyproject-build-systems": {
      "inputs": {
        "nixpkgs": [
          "moody",
          "nixpkgs"
        ],
        "pyproject-nix": [
          "moody",
          "pyproject-nix"
        ],
        "uv2nix": [
          "moody",
          "uv2nix"
        ]
      },
      "locked": {
        "lastModified": 1733103007,
        "narHash": "sha256-7xEh7JboF6tTyzfIRbPcb7OtwZsIPBLUfg9mkv6Yum0=",
        "owner": "pyproject-nix",
        "repo": "build-system-pkgs",
        "rev": "52f42c78204f705289339a27e0f2a2e38dc25899",
        "type": "github"
      },
      "original": {
        "owner": "pyproject-nix",
        "repo": "build-system-pkgs",
        "type": "github"
      }
    },
    "pyproject-build-systems_2": {
      "inputs": {
        "nixpkgs": [
          "personalbot",
          "nixpkgs"
        ],
        "pyproject-nix": [
          "personalbot",
          "pyproject-nix"
        ],
        "uv2nix": [
          "personalbot",
          "uv2nix"
        ]
      },
      "locked": {
        "lastModified": 1733628997,
        "narHash": "sha256-brzCRGaUUnye+i1Xua2TxGYog1LRwDn9fNS/s/pym4Q=",
        "owner": "pyproject-nix",
        "repo": "build-system-pkgs",
        "rev": "d7f1157ecc005714e2e853bf06ef9daec79fa43d",
        "type": "github"
      },
      "original": {
        "owner": "pyproject-nix",
        "repo": "build-system-pkgs",
        "type": "github"
      }
    },
    "pyproject-nix": {
      "inputs": {
        "nixpkgs": [
          "moody",
          "nixpkgs"
        ]
      },
      "locked": {
        "lastModified": 1733112511,
        "narHash": "sha256-qQd6K8RYZpwEeawyqSnDkFCPZAIbz8c7BP9490EsgQM=",
        "owner": "pyproject-nix",
        "repo": "pyproject.nix",
        "rev": "60b55f8095cc1909d1c8f1806431f0f7f5f3fc32",
        "type": "github"
      },
      "original": {
        "owner": "pyproject-nix",
        "repo": "pyproject.nix",
        "type": "github"
      }
    },
    "pyproject-nix_2": {
      "inputs": {
        "nixpkgs": [
          "personalbot",
          "nixpkgs"
        ]
      },
      "locked": {
        "lastModified": 1733540292,
        "narHash": "sha256-UAW/Rs8hx6ai+lAv2c0fP21NXi3SWuJO9p0DNiEYS90=",
        "owner": "pyproject-nix",
        "repo": "pyproject.nix",
        "rev": "e2393999b79ea26c1d399f8fcc34db4a01665e9b",
        "type": "github"
      },
      "original": {
        "owner": "pyproject-nix",
        "repo": "pyproject.nix",
        "type": "github"
      }
    },
    "root": {
      "inputs": {
        "journal": "journal",
        "moody": "moody",
        "musnix": "musnix",
        "nixpkgs": "nixpkgs_4",
        "personalbot": "personalbot",
        "rust-overlay": "rust-overlay_2"
      }
    },
    "rust-overlay": {
      "inputs": {
        "flake-utils": [
          "journal",
          "cargo2nix",
          "flake-utils"
        ],
        "nixpkgs": [
          "journal",
          "cargo2nix",
          "nixpkgs"
        ]
      },
      "locked": {
        "lastModified": 1705112162,
        "narHash": "sha256-IAM0+Uijh/fwlfoeDrOwau9MxcZW3zeDoUHc6Z3xfqM=",
        "owner": "oxalica",
        "repo": "rust-overlay",
        "rev": "9e0af26ffe52bf955ad5575888f093e41fba0104",
        "type": "github"
      },
      "original": {
        "owner": "oxalica",
        "repo": "rust-overlay",
        "type": "github"
      }
    },
    "rust-overlay_2": {
      "inputs": {
        "nixpkgs": [
          "nixpkgs"
        ]
      },
      "locked": {
        "lastModified": 1728873041,
        "narHash": "sha256-e4jz7yFADiZjMhv+iQwYtAN8AOUlOpbNQYnbwUFLjeM=",
        "owner": "oxalica",
        "repo": "rust-overlay",
        "rev": "bdbe1611c2029de90bca372ce0b1e3b4fa65f55a",
        "type": "github"
      },
      "original": {
        "owner": "oxalica",
        "repo": "rust-overlay",
        "type": "github"
      }
    },
    "systems": {
      "locked": {
        "lastModified": 1681028828,
        "narHash": "sha256-Vy1rq5AaRuLzOxct8nz4T6wlgyUR7zLU309k9mBC768=",
        "owner": "nix-systems",
        "repo": "default",
        "rev": "da67096a3b9bf56a91d16901293e51ba5b49a27e",
        "type": "github"
      },
      "original": {
        "owner": "nix-systems",
        "repo": "default",
        "type": "github"
      }
    },
    "uv2nix": {
      "inputs": {
        "nixpkgs": [
          "moody",
          "nixpkgs"
        ],
        "pyproject-nix": [
          "moody",
          "pyproject-nix"
        ]
      },
      "locked": {
        "lastModified": 1733106626,
        "narHash": "sha256-kXgLAT2dnRbUeg8/ekx0d5Svc+7GPpoamGBNgcYu46Y=",
        "owner": "pyproject-nix",
        "repo": "uv2nix",
        "rev": "3614215065f1c828e5d5c1653af5cba078387a78",
        "type": "github"
      },
      "original": {
        "owner": "pyproject-nix",
        "repo": "uv2nix",
        "type": "github"
      }
    },
    "uv2nix_2": {
      "inputs": {
        "nixpkgs": [
          "personalbot",
          "nixpkgs"
        ],
        "pyproject-nix": [
          "personalbot",
          "pyproject-nix"
        ]
      },
      "locked": {
        "lastModified": 1733705845,
        "narHash": "sha256-x/He9xIxMcWeYzoIe45viKPxVmIV9DYftSK0YDvzU94=",
        "owner": "pyproject-nix",
        "repo": "uv2nix",
        "rev": "b7ba04e74c09307e994a15601ff66ad51b5be9e8",
        "type": "github"
      },
      "original": {
        "owner": "pyproject-nix",
        "repo": "uv2nix",
        "type": "github"
      }
    }
  },
  "root": "root",
  "version": 7
}
