{
  "nodes": {
    "flake-utils": {
      "inputs": {
        "systems": "systems"
      },
      "locked": {
        "lastModified": 1731533236,
        "narHash": "sha256-l0KFg5HjrsfsO/JpG+r7fRrqm12kzFHyUHqHCVpMMbI=",
        "owner": "numtide",
        "repo": "flake-utils",
        "rev": "11707dc2f618dd54ca8739b309ec4fc024de578b",
        "type": "github"
      },
      "original": {
        "owner": "numtide",
        "repo": "flake-utils",
        "type": "github"
      }
    },
    "flake-utils_2": {
      "inputs": {
        "systems": "systems_2"
      },
      "locked": {
        "lastModified": 1731533236,
        "narHash": "sha256-l0KFg5HjrsfsO/JpG+r7fRrqm12kzFHyUHqHCVpMMbI=",
        "owner": "numtide",
        "repo": "flake-utils",
        "rev": "11707dc2f618dd54ca8739b309ec4fc024de578b",
        "type": "github"
      },
      "original": {
        "owner": "numtide",
        "repo": "flake-utils",
        "type": "github"
      }
    },
    "flake-utils_3": {
      "inputs": {
        "systems": "systems_3"
      },
      "locked": {
        "lastModified": 1731533236,
        "narHash": "sha256-l0KFg5HjrsfsO/JpG+r7fRrqm12kzFHyUHqHCVpMMbI=",
        "owner": "numtide",
        "repo": "flake-utils",
        "rev": "11707dc2f618dd54ca8739b309ec4fc024de578b",
        "type": "github"
      },
      "original": {
        "owner": "numtide",
        "repo": "flake-utils",
        "type": "github"
      }
    },
    "journal": {
      "inputs": {
        "flake-utils": "flake-utils",
        "nixpkgs": "nixpkgs",
        "rust-overlay": "rust-overlay"
      },
      "locked": {
        "lastModified": 1772011321,
        "narHash": "sha256-r+8DIk03Zp3yWlEUKLPAgNL9V2qQsMJ6K4hFCNCc5j8=",
        "owner": "tehforsch",
        "repo": "journal",
        "rev": "bc12e621018c78e1c886ee5eb6bbdc8eaba6455a",
        "type": "github"
      },
      "original": {
        "owner": "tehforsch",
        "repo": "journal",
        "type": "github"
      }
    },
    "moody": {
      "inputs": {
        "nixpkgs": "nixpkgs_3",
        "pyproject-build-systems": "pyproject-build-systems",
        "pyproject-nix": "pyproject-nix",
        "uv2nix": "uv2nix"
      },
      "locked": {
        "lastModified": 1734022018,
        "narHash": "sha256-/ezovWWOgQImRTttzDMxvMhbFqhyskAI1spxWVtEgnQ=",
        "ref": "refs/heads/main",
        "rev": "9a142fe976226ed9c3f21d02a0569cd1f37820d9",
        "revCount": 8,
        "type": "git",
        "url": "ssh://git@github.com/tehforsch/moodyTelegramBot.git"
      },
      "original": {
        "type": "git",
        "url": "ssh://git@github.com/tehforsch/moodyTelegramBot.git"
      }
    },
    "mpd_rofi": {
      "inputs": {
        "flake-utils": "flake-utils_2",
        "nixpkgs": "nixpkgs_4",
        "rust-overlay": "rust-overlay_2"
      },
      "locked": {
        "lastModified": 1773741836,
        "narHash": "sha256-/GtDu/5V0jeRFNKf9vcDGmCnYdFj4WU8eTZ4e2zcXi0=",
        "owner": "tehforsch",
        "repo": "mpd_rofi",
        "rev": "40857b95a80ff9e3b80b4fa7a99d08b127f21d39",
        "type": "github"
      },
      "original": {
        "owner": "tehforsch",
        "repo": "mpd_rofi",
        "type": "github"
      }
    },
    "musnix": {
      "inputs": {
        "nixpkgs": "nixpkgs_6"
      },
      "locked": {
        "lastModified": 1767232402,
        "narHash": "sha256-li+h6crnhc5Zqs+M6pn7D7M0W9M63ECNennDjRgzioE=",
        "owner": "musnix",
        "repo": "musnix",
        "rev": "d65f98e0b1f792365f1705653d7b2d266ceeff6e",
        "type": "github"
      },
      "original": {
        "owner": "musnix",
        "repo": "musnix",
        "type": "github"
      }
    },
    "nixos-hardware": {
      "locked": {
        "lastModified": 1771969195,
        "narHash": "sha256-qwcDBtrRvJbrrnv1lf/pREQi8t2hWZxVAyeMo7/E9sw=",
        "owner": "nixos",
        "repo": "nixos-hardware",
        "rev": "41c6b421bdc301b2624486e11905c9af7b8ec68e",
        "type": "github"
      },
      "original": {
        "owner": "nixos",
        "repo": "nixos-hardware",
        "type": "github"
      }
    },
    "nixpkgs": {
      "locked": {
        "lastModified": 1761114652,
        "narHash": "sha256-f/QCJM/YhrV/lavyCVz8iU3rlZun6d+dAiC3H+CDle4=",
        "owner": "NixOS",
        "repo": "nixpkgs",
        "rev": "01f116e4df6a15f4ccdffb1bcd41096869fb385c",
        "type": "github"
      },
      "original": {
        "owner": "NixOS",
        "ref": "nixos-unstable",
        "repo": "nixpkgs",
        "type": "github"
      }
    },
    "nixpkgs_2": {
      "locked": {
        "lastModified": 1744536153,
        "narHash": "sha256-awS2zRgF4uTwrOKwwiJcByDzDOdo3Q1rPZbiHQg/N38=",
        "owner": "NixOS",
        "repo": "nixpkgs",
        "rev": "18dd725c29603f582cf1900e0d25f9f1063dbf11",
        "type": "github"
      },
      "original": {
        "owner": "NixOS",
        "ref": "nixpkgs-unstable",
        "repo": "nixpkgs",
        "type": "github"
      }
    },
    "nixpkgs_3": {
      "locked": {
        "lastModified": 1733015953,
        "narHash": "sha256-t4BBVpwG9B4hLgc6GUBuj3cjU7lP/PJfpTHuSqE+crk=",
        "owner": "NixOS",
        "repo": "nixpkgs",
        "rev": "ac35b104800bff9028425fec3b6e8a41de2bbfff",
        "type": "github"
      },
      "original": {
        "owner": "NixOS",
        "ref": "nixos-unstable",
        "repo": "nixpkgs",
        "type": "github"
      }
    },
    "nixpkgs_4": {
      "locked": {
        "lastModified": 1773646010,
        "narHash": "sha256-iYrs97hS7p5u4lQzuNWzuALGIOdkPXvjz7bviiBjUu8=",
        "owner": "NixOS",
        "repo": "nixpkgs",
        "rev": "5b2c2d84341b2afb5647081c1386a80d7a8d8605",
        "type": "github"
      },
      "original": {
        "owner": "NixOS",
        "ref": "nixos-unstable",
        "repo": "nixpkgs",
        "type": "github"
      }
    },
    "nixpkgs_5": {
      "locked": {
        "lastModified": 1744536153,
        "narHash": "sha256-awS2zRgF4uTwrOKwwiJcByDzDOdo3Q1rPZbiHQg/N38=",
        "owner": "NixOS",
        "repo": "nixpkgs",
        "rev": "18dd725c29603f582cf1900e0d25f9f1063dbf11",
        "type": "github"
      },
      "original": {
        "owner": "NixOS",
        "ref": "nixpkgs-unstable",
        "repo": "nixpkgs",
        "type": "github"
      }
    },
    "nixpkgs_6": {
      "locked": {
        "lastModified": 1766902085,
        "narHash": "sha256-coBu0ONtFzlwwVBzmjacUQwj3G+lybcZ1oeNSQkgC0M=",
        "owner": "NixOS",
        "repo": "nixpkgs",
        "rev": "c0b0e0fddf73fd517c3471e546c0df87a42d53f4",
        "type": "github"
      },
      "original": {
        "owner": "NixOS",
        "ref": "nixos-unstable",
        "repo": "nixpkgs",
        "type": "github"
      }
    },
    "nixpkgs_7": {
      "locked": {
        "lastModified": 1772433332,
        "narHash": "sha256-izhTDFKsg6KeVBxJS9EblGeQ8y+O8eCa6RcW874vxEc=",
        "owner": "NixOS",
        "repo": "nixpkgs",
        "rev": "cf59864ef8aa2e178cccedbe2c178185b0365705",
        "type": "github"
      },
      "original": {
        "owner": "NixOS",
        "ref": "nixos-unstable",
        "repo": "nixpkgs",
        "type": "github"
      }
    },
    "nixpkgs_8": {
      "locked": {
        "lastModified": 1733581040,
        "narHash": "sha256-Qn3nPMSopRQJgmvHzVqPcE3I03zJyl8cSbgnnltfFDY=",
        "owner": "NixOS",
        "repo": "nixpkgs",
        "rev": "22c3f2cf41a0e70184334a958e6b124fb0ce3e01",
        "type": "github"
      },
      "original": {
        "owner": "NixOS",
        "ref": "nixos-unstable",
        "repo": "nixpkgs",
        "type": "github"
      }
    },
    "nixpkgs_9": {
      "locked": {
        "lastModified": 1770197578,
        "narHash": "sha256-AYqlWrX09+HvGs8zM6ebZ1pwUqjkfpnv8mewYwAo+iM=",
        "owner": "NixOS",
        "repo": "nixpkgs",
        "rev": "00c21e4c93d963c50d4c0c89bfa84ed6e0694df2",
        "type": "github"
      },
      "original": {
        "owner": "NixOS",
        "ref": "nixos-unstable",
        "repo": "nixpkgs",
        "type": "github"
      }
    },
    "personalbot": {
      "inputs": {
        "nixpkgs": "nixpkgs_8",
        "pyproject-build-systems": "pyproject-build-systems_2",
        "pyproject-nix": "pyproject-nix_2",
        "uv2nix": "uv2nix_2"
      },
      "locked": {
        "lastModified": 1765128426,
        "narHash": "sha256-tMnf5CR9q6Xklf49llSwJWvwXI6UJBdUklp/QvgkdGM=",
        "ref": "refs/heads/main",
        "rev": "b9f46f7859413f56b7e1b1a203bf3a9bf7f1b9b9",
        "revCount": 21,
        "type": "git",
        "url": "ssh://git@github.com/tehforsch/personalbot.git"
      },
      "original": {
        "type": "git",
        "url": "ssh://git@github.com/tehforsch/personalbot.git"
      }
    },
    "pyproject-build-systems": {
      "inputs": {
        "nixpkgs": [
          "moody",
          "nixpkgs"
        ],
        "pyproject-nix": [
          "moody",
          "pyproject-nix"
        ],
        "uv2nix": [
          "moody",
          "uv2nix"
        ]
      },
      "locked": {
        "lastModified": 1733103007,
        "narHash": "sha256-7xEh7JboF6tTyzfIRbPcb7OtwZsIPBLUfg9mkv6Yum0=",
        "owner": "pyproject-nix",
        "repo": "build-system-pkgs",
        "rev": "52f42c78204f705289339a27e0f2a2e38dc25899",
        "type": "github"
      },
      "original": {
        "owner": "pyproject-nix",
        "repo": "build-system-pkgs",
        "type": "github"
      }
    },
    "pyproject-build-systems_2": {
      "inputs": {
        "nixpkgs": [
          "personalbot",
          "nixpkgs"
        ],
        "pyproject-nix": [
          "personalbot",
          "pyproject-nix"
        ],
        "uv2nix": [
          "personalbot",
          "uv2nix"
        ]
      },
      "locked": {
        "lastModified": 1733628997,
        "narHash": "sha256-brzCRGaUUnye+i1Xua2TxGYog1LRwDn9fNS/s/pym4Q=",
        "owner": "pyproject-nix",
        "repo": "build-system-pkgs",
        "rev": "d7f1157ecc005714e2e853bf06ef9daec79fa43d",
        "type": "github"
      },
      "original": {
        "owner": "pyproject-nix",
        "repo": "build-system-pkgs",
        "type": "github"
      }
    },
    "pyproject-nix": {
      "inputs": {
        "nixpkgs": [
          "moody",
          "nixpkgs"
        ]
      },
      "locked": {
        "lastModified": 1733112511,
        "narHash": "sha256-qQd6K8RYZpwEeawyqSnDkFCPZAIbz8c7BP9490EsgQM=",
        "owner": "pyproject-nix",
        "repo": "pyproject.nix",
        "rev": "60b55f8095cc1909d1c8f1806431f0f7f5f3fc32",
        "type": "github"
      },
      "original": {
        "owner": "pyproject-nix",
        "repo": "pyproject.nix",
        "type": "github"
      }
    },
    "pyproject-nix_2": {
      "inputs": {
        "nixpkgs": [
          "personalbot",
          "nixpkgs"
        ]
      },
      "locked": {
        "lastModified": 1733540292,
        "narHash": "sha256-UAW/Rs8hx6ai+lAv2c0fP21NXi3SWuJO9p0DNiEYS90=",
        "owner": "pyproject-nix",
        "repo": "pyproject.nix",
        "rev": "e2393999b79ea26c1d399f8fcc34db4a01665e9b",
        "type": "github"
      },
      "original": {
        "owner": "pyproject-nix",
        "repo": "pyproject.nix",
        "type": "github"
      }
    },
    "root": {
      "inputs": {
        "journal": "journal",
        "moody": "moody",
        "mpd_rofi": "mpd_rofi",
        "musnix": "musnix",
        "nixos-hardware": "nixos-hardware",
        "nixpkgs": "nixpkgs_7",
        "personalbot": "personalbot",
        "rust-overlay": "rust-overlay_3",
        "torga": "torga"
      }
    },
    "rust-overlay": {
      "inputs": {
        "nixpkgs": "nixpkgs_2"
      },
      "locked": {
        "lastModified": 1761186948,
        "narHash": "sha256-mylLEdzqx4M9TrwFIPc+o0dqabHvFGbNJZGRgE43Ya0=",
        "owner": "oxalica",
        "repo": "rust-overlay",
        "rev": "1d1c8a009adeb4c0561bb1feea8ec7b97749946b",
        "type": "github"
      },
      "original": {
        "owner": "oxalica",
        "repo": "rust-overlay",
        "type": "github"
      }
    },
    "rust-overlay_2": {
      "inputs": {
        "nixpkgs": "nixpkgs_5"
      },
      "locked": {
        "lastModified": 1773716879,
        "narHash": "sha256-vXCTasEzzTTd0ZGEuyle20H2hjRom66JeNr7i2ktHD0=",
        "owner": "oxalica",
        "repo": "rust-overlay",
        "rev": "1a9ddeb45c5751b800331363703641b84d1f41f0",
        "type": "github"
      },
      "original": {
        "owner": "oxalica",
        "repo": "rust-overlay",
        "type": "github"
      }
    },
    "rust-overlay_3": {
      "inputs": {
        "nixpkgs": [
          "nixpkgs"
        ]
      },
      "locked": {
        "lastModified": 1772507320,
        "narHash": "sha256-GdGXniFvtIfRiakc+ncdQYnoQjKbTCv9Imjfl4ggquI=",
        "owner": "oxalica",
        "repo": "rust-overlay",
        "rev": "1775eafa1879ac098ee436849bc9c3d963206f89",
        "type": "github"
      },
      "original": {
        "owner": "oxalica",
        "repo": "rust-overlay",
        "type": "github"
      }
    },
    "rust-overlay_4": {
      "inputs": {
        "nixpkgs": [
          "torga",
          "nixpkgs"
        ]
      },
      "locked": {
        "lastModified": 1770260791,
        "narHash": "sha256-ADTBfENFjRVDQMcCycyX/pAy6NFI/Ct6Mrar3gsmXI0=",
        "owner": "oxalica",
        "repo": "rust-overlay",
        "rev": "42ec85352e419e601775c57256a52f6d48a39906",
        "type": "github"
      },
      "original": {
        "owner": "oxalica",
        "repo": "rust-overlay",
        "type": "github"
      }
    },
    "systems": {
      "locked": {
        "lastModified": 1681028828,
        "narHash": "sha256-Vy1rq5AaRuLzOxct8nz4T6wlgyUR7zLU309k9mBC768=",
        "owner": "nix-systems",
        "repo": "default",
        "rev": "da67096a3b9bf56a91d16901293e51ba5b49a27e",
        "type": "github"
      },
      "original": {
        "owner": "nix-systems",
        "repo": "default",
        "type": "github"
      }
    },
    "systems_2": {
      "locked": {
        "lastModified": 1681028828,
        "narHash": "sha256-Vy1rq5AaRuLzOxct8nz4T6wlgyUR7zLU309k9mBC768=",
        "owner": "nix-systems",
        "repo": "default",
        "rev": "da67096a3b9bf56a91d16901293e51ba5b49a27e",
        "type": "github"
      },
      "original": {
        "owner": "nix-systems",
        "repo": "default",
        "type": "github"
      }
    },
    "systems_3": {
      "locked": {
        "lastModified": 1681028828,
        "narHash": "sha256-Vy1rq5AaRuLzOxct8nz4T6wlgyUR7zLU309k9mBC768=",
        "owner": "nix-systems",
        "repo": "default",
        "rev": "da67096a3b9bf56a91d16901293e51ba5b49a27e",
        "type": "github"
      },
      "original": {
        "owner": "nix-systems",
        "repo": "default",
        "type": "github"
      }
    },
    "torga": {
      "inputs": {
        "flake-utils": "flake-utils_3",
        "nixpkgs": "nixpkgs_9",
        "rust-overlay": "rust-overlay_4"
      },
      "locked": {
        "lastModified": 1771402023,
        "narHash": "sha256-hp7hSI2GvVQbwju+aPJosvAFXsRPpqdczF1Ov3GbqyE=",
        "ref": "refs/heads/main",
        "rev": "a6cad561b973c479b9fe3a0fddc99c60a3da2089",
        "revCount": 183,
        "type": "git",
        "url": "ssh://git@github.com/tehforsch/todo.git"
      },
      "original": {
        "type": "git",
        "url": "ssh://git@github.com/tehforsch/todo.git"
      }
    },
    "uv2nix": {
      "inputs": {
        "nixpkgs": [
          "moody",
          "nixpkgs"
        ],
        "pyproject-nix": [
          "moody",
          "pyproject-nix"
        ]
      },
      "locked": {
        "lastModified": 1733106626,
        "narHash": "sha256-kXgLAT2dnRbUeg8/ekx0d5Svc+7GPpoamGBNgcYu46Y=",
        "owner": "pyproject-nix",
        "repo": "uv2nix",
        "rev": "3614215065f1c828e5d5c1653af5cba078387a78",
        "type": "github"
      },
      "original": {
        "owner": "pyproject-nix",
        "repo": "uv2nix",
        "type": "github"
      }
    },
    "uv2nix_2": {
      "inputs": {
        "nixpkgs": [
          "personalbot",
          "nixpkgs"
        ],
        "pyproject-nix": [
          "personalbot",
          "pyproject-nix"
        ]
      },
      "locked": {
        "lastModified": 1733705845,
        "narHash": "sha256-x/He9xIxMcWeYzoIe45viKPxVmIV9DYftSK0YDvzU94=",
        "owner": "pyproject-nix",
        "repo": "uv2nix",
        "rev": "b7ba04e74c09307e994a15601ff66ad51b5be9e8",
        "type": "github"
      },
      "original": {
        "owner": "pyproject-nix",
        "repo": "uv2nix",
        "type": "github"
      }
    }
  },
  "root": "root",
  "version": 7
}
